
Microsoft Visual Studio Solution File, Format Version 12.00
# Visual Studio Version 17
VisualStudioVersion = 17.13.35617.110 d17.13
MinimumVisualStudioVersion = 10.0.40219.1
Project("{FAE04EC0-301F-11D3-BF4B-00C04F79EFBC}") = "UIKT_Naloga7", "UIKT_Naloga7\UIKT_Naloga7.csproj", "{1F25C4F1-8F3B-4A7A-A9C3-DC7869C62AA5}"
EndProject
Global
	GlobalSection(SolutionConfigurationPlatforms) = preSolution
		Debug|Any CPU = Debug|Any CPU
		Release|Any CPU = Release|Any CPU
	EndGlobalSection
	GlobalSection(ProjectConfigurationPlatforms) = postSolution
		{1F25C4F1-8F3B-4A7A-A9C3-DC7869C62AA5}.Debug|Any CPU.ActiveCfg = Debug|Any CPU
		{1F25C4F1-8F3B-4A7A-A9C3-DC7869C62AA5}.Debug|Any CPU.Build.0 = Debug|Any CPU
		{1F25C4F1-8F3B-4A7A-A9C3-DC7869C62AA5}.Release|Any CPU.ActiveCfg = Release|Any CPU
		{1F25C4F1-8F3B-4A7A-A9C3-DC7869C62AA5}.Release|Any CPU.Build.0 = Release|Any CPU
	EndGlobalSection
	GlobalSection(SolutionProperties) = preSolution
		HideSolutionNode = FALSE
	EndGlobalSection
	GlobalSection(ExtensibilityGlobals) = postSolution
		SolutionGuid = {5A1210B6-2CC4-4146-92C0-0DD444E1DC9C}
	EndGlobalSection
EndGlobal
